// !$*UTF8*$!
{
	archiveVersion = 1;
	classes = {
	};
	objectVersion = 56;
	objects = {

/* Begin PBXBuildFile section */
		7150A8C22A10F8790075718E /* HoneymoonApp.swift in Sources */ = {isa = PBXBuildFile; fileRef = 7150A8C12A10F8790075718E /* HoneymoonApp.swift */; };
		7150A8C42A10F8790075718E /* ContentView.swift in Sources */ = {isa = PBXBuildFile; fileRef = 7150A8C32A10F8790075718E /* ContentView.swift */; };
		7150A8C62A10F87A0075718E /* Assets.xcassets in Resources */ = {isa = PBXBuildFile; fileRef = 7150A8C52A10F87A0075718E /* Assets.xcassets */; };
		7150A8C92A10F87A0075718E /* Preview Assets.xcassets in Resources */ = {isa = PBXBuildFile; fileRef = 7150A8C82A10F87A0075718E /* Preview Assets.xcassets */; };
		7150A8D02A10F9600075718E /* Sounds in Resources */ = {isa = PBXBuildFile; fileRef = 7150A8CF2A10F9600075718E /* Sounds */; };
		7150A8D22A10F9810075718E /* Launch Screen.storyboard in Resources */ = {isa = PBXBuildFile; fileRef = 7150A8D12A10F9810075718E /* Launch Screen.storyboard */; };
		7150A8D42A10FA570075718E /* HoneymoonModel.swift in Sources */ = {isa = PBXBuildFile; fileRef = 7150A8D32A10FA570075718E /* HoneymoonModel.swift */; };
		7150A8D72A10FA9A0075718E /* HoneymoonData.swift in Sources */ = {isa = PBXBuildFile; fileRef = 7150A8D62A10FA9A0075718E /* HoneymoonData.swift */; };
		7150A8DB2A10FB020075718E /* CardView.swift in Sources */ = {isa = PBXBuildFile; fileRef = 7150A8DA2A10FB010075718E /* CardView.swift */; };
		7150A8DD2A10FC900075718E /* HeaderView.swift in Sources */ = {isa = PBXBuildFile; fileRef = 7150A8DC2A10FC900075718E /* HeaderView.swift */; };
		7150A8DF2A10FDB30075718E /* FooterView.swift in Sources */ = {isa = PBXBuildFile; fileRef = 7150A8DE2A10FDB30075718E /* FooterView.swift */; };
		7150A8E22A10FED50075718E /* HeaderComponent.swift in Sources */ = {isa = PBXBuildFile; fileRef = 7150A8E12A10FED50075718E /* HeaderComponent.swift */; };
		7150A8E42A10FF4E0075718E /* GuideComponent.swift in Sources */ = {isa = PBXBuildFile; fileRef = 7150A8E32A10FF4E0075718E /* GuideComponent.swift */; };
		7150A8E62A1100A90075718E /* GuideView.swift in Sources */ = {isa = PBXBuildFile; fileRef = 7150A8E52A1100A90075718E /* GuideView.swift */; };
/* End PBXBuildFile section */

/* Begin PBXFileReference section */
		7150A8BE2A10F8790075718E /* Honeymoon.app */ = {isa = PBXFileReference; explicitFileType = wrapper.application; includeInIndex = 0; path = Honeymoon.app; sourceTree = BUILT_PRODUCTS_DIR; };
		7150A8C12A10F8790075718E /* HoneymoonApp.swift */ = {isa = PBXFileReference; lastKnownFileType = sourcecode.swift; path = HoneymoonApp.swift; sourceTree = "<group>"; };
		7150A8C32A10F8790075718E /* ContentView.swift */ = {isa = PBXFileReference; lastKnownFileType = sourcecode.swift; path = ContentView.swift; sourceTree = "<group>"; };
		7150A8C52A10F87A0075718E /* Assets.xcassets */ = {isa = PBXFileReference; lastKnownFileType = folder.assetcatalog; path = Assets.xcassets; sourceTree = "<group>"; };
		7150A8C82A10F87A0075718E /* Preview Assets.xcassets */ = {isa = PBXFileReference; lastKnownFileType = folder.assetcatalog; path = "Preview Assets.xcassets"; sourceTree = "<group>"; };
		7150A8CF2A10F9600075718E /* Sounds */ = {isa = PBXFileReference; lastKnownFileType = folder; path = Sounds; sourceTree = "<group>"; };
		7150A8D12A10F9810075718E /* Launch Screen.storyboard */ = {isa = PBXFileReference; lastKnownFileType = file.storyboard; path = "Launch Screen.storyboard"; sourceTree = "<group>"; };
		7150A8D32A10FA570075718E /* HoneymoonModel.swift */ = {isa = PBXFileReference; lastKnownFileType = sourcecode.swift; path = HoneymoonModel.swift; sourceTree = "<group>"; };
		7150A8D62A10FA9A0075718E /* HoneymoonData.swift */ = {isa = PBXFileReference; lastKnownFileType = sourcecode.swift; path = HoneymoonData.swift; sourceTree = "<group>"; };
		7150A8DA2A10FB010075718E /* CardView.swift */ = {isa = PBXFileReference; lastKnownFileType = sourcecode.swift; path = CardView.swift; sourceTree = "<group>"; };
		7150A8DC2A10FC900075718E /* HeaderView.swift */ = {isa = PBXFileReference; lastKnownFileType = sourcecode.swift; path = HeaderView.swift; sourceTree = "<group>"; };
		7150A8DE2A10FDB30075718E /* FooterView.swift */ = {isa = PBXFileReference; lastKnownFileType = sourcecode.swift; path = FooterView.swift; sourceTree = "<group>"; };
		7150A8E12A10FED50075718E /* HeaderComponent.swift */ = {isa = PBXFileReference; lastKnownFileType = sourcecode.swift; path = HeaderComponent.swift; sourceTree = "<group>"; };
		7150A8E32A10FF4E0075718E /* GuideComponent.swift */ = {isa = PBXFileReference; lastKnownFileType = sourcecode.swift; path = GuideComponent.swift; sourceTree = "<group>"; };
		7150A8E52A1100A90075718E /* GuideView.swift */ = {isa = PBXFileReference; lastKnownFileType = sourcecode.swift; path = GuideView.swift; sourceTree = "<group>"; };
/* End PBXFileReference section */

/* Begin PBXFrameworksBuildPhase section */
		7150A8BB2A10F8790075718E /* Frameworks */ = {
			isa = PBXFrameworksBuildPhase;
			buildActionMask = 2147483647;
			files = (
			);
			runOnlyForDeploymentPostprocessing = 0;
		};
/* End PBXFrameworksBuildPhase section */

/* Begin PBXGroup section */
		7150A8B52A10F8790075718E = {
			isa = PBXGroup;
			children = (
				7150A8C02A10F8790075718E /* Honeymoon */,
				7150A8BF2A10F8790075718E /* Products */,
			);
			sourceTree = "<group>";
		};
		7150A8BF2A10F8790075718E /* Products */ = {
			isa = PBXGroup;
			children = (
				7150A8BE2A10F8790075718E /* Honeymoon.app */,
			);
			name = Products;
			sourceTree = "<group>";
		};
		7150A8C02A10F8790075718E /* Honeymoon */ = {
			isa = PBXGroup;
			children = (
				7150A8E02A10FEBA0075718E /* Component */,
				7150A8D92A10FAD30075718E /* View */,
				7150A8D82A10FAA10075718E /* Data */,
				7150A8D52A10FA5B0075718E /* Model */,
				7150A8CF2A10F9600075718E /* Sounds */,
				7150A8C12A10F8790075718E /* HoneymoonApp.swift */,
				7150A8C52A10F87A0075718E /* Assets.xcassets */,
				7150A8C72A10F87A0075718E /* Preview Content */,
				7150A8D12A10F9810075718E /* Launch Screen.storyboard */,
			);
			path = Honeymoon;
			sourceTree = "<group>";
		};
		7150A8C72A10F87A0075718E /* Preview Content */ = {
			isa = PBXGroup;
			children = (
				7150A8C82A10F87A0075718E /* Preview Assets.xcassets */,
			);
			path = "Preview Content";
			sourceTree = "<group>";
		};
		7150A8D52A10FA5B0075718E /* Model */ = {
			isa = PBXGroup;
			children = (
				7150A8D32A10FA570075718E /* HoneymoonModel.swift */,
			);
			path = Model;
			sourceTree = "<group>";
		};
		7150A8D82A10FAA10075718E /* Data */ = {
			isa = PBXGroup;
			children = (
				7150A8D62A10FA9A0075718E /* HoneymoonData.swift */,
			);
			path = Data;
			sourceTree = "<group>";
		};
		7150A8D92A10FAD30075718E /* View */ = {
			isa = PBXGroup;
			children = (
				7150A8C32A10F8790075718E /* ContentView.swift */,
				7150A8DA2A10FB010075718E /* CardView.swift */,
				7150A8DC2A10FC900075718E /* HeaderView.swift */,
				7150A8DE2A10FDB30075718E /* FooterView.swift */,
				7150A8E52A1100A90075718E /* GuideView.swift */,
			);
			path = View;
			sourceTree = "<group>";
		};
		7150A8E02A10FEBA0075718E /* Component */ = {
			isa = PBXGroup;
			children = (
				7150A8E12A10FED50075718E /* HeaderComponent.swift */,
				7150A8E32A10FF4E0075718E /* GuideComponent.swift */,
			);
			path = Component;
			sourceTree = "<group>";
		};
/* End PBXGroup section */

/* Begin PBXNativeTarget section */
		7150A8BD2A10F8790075718E /* Honeymoon */ = {
			isa = PBXNativeTarget;
			buildConfigurationList = 7150A8CC2A10F87A0075718E /* Build configuration list for PBXNativeTarget "Honeymoon" */;
			buildPhases = (
				7150A8BA2A10F8790075718E /* Sources */,
				7150A8BB2A10F8790075718E /* Frameworks */,
				7150A8BC2A10F8790075718E /* Resources */,
			);
			buildRules = (
			);
			dependencies = (
			);
			name = Honeymoon;
			productName = Honeymoon;
			productReference = 7150A8BE2A10F8790075718E /* Honeymoon.app */;
			productType = "com.apple.product-type.application";
		};
/* End PBXNativeTarget section */

/* Begin PBXProject section */
		7150A8B62A10F8790075718E /* Project object */ = {
			isa = PBXProject;
			attributes = {
				BuildIndependentTargetsInParallel = 1;
				LastSwiftUpdateCheck = 1430;
				LastUpgradeCheck = 1430;
				TargetAttributes = {
					7150A8BD2A10F8790075718E = {
						CreatedOnToolsVersion = 14.3;
					};
				};
			};
			buildConfigurationList = 7150A8B92A10F8790075718E /* Build configuration list for PBXProject "Honeymoon" */;
			compatibilityVersion = "Xcode 14.0";
			developmentRegion = en;
			hasScannedForEncodings = 0;
			knownRegions = (
				en,
				Base,
			);
			mainGroup = 7150A8B52A10F8790075718E;
			productRefGroup = 7150A8BF2A10F8790075718E /* Products */;
			projectDirPath = "";
			projectRoot = "";
			targets = (
				7150A8BD2A10F8790075718E /* Honeymoon */,
			);
		};
/* End PBXProject section */

/* Begin PBXResourcesBuildPhase section */
		7150A8BC2A10F8790075718E /* Resources */ = {
			isa = PBXResourcesBuildPhase;
			buildActionMask = 2147483647;
			files = (
				7150A8D02A10F9600075718E /* Sounds in Resources */,
				7150A8C92A10F87A0075718E /* Preview Assets.xcassets in Resources */,
				7150A8D22A10F9810075718E /* Launch Screen.storyboard in Resources */,
				7150A8C62A10F87A0075718E /* Assets.xcassets in Resources */,
			);
			runOnlyForDeploymentPostprocessing = 0;
		};
/* End PBXResourcesBuildPhase section */

/* Begin PBXSourcesBuildPhase section */
		7150A8BA2A10F8790075718E /* Sources */ = {
			isa = PBXSourcesBuildPhase;
			buildActionMask = 2147483647;
			files = (
				7150A8D72A10FA9A0075718E /* HoneymoonData.swift in Sources */,
				7150A8DF2A10FDB30075718E /* FooterView.swift in Sources */,
				7150A8DD2A10FC900075718E /* HeaderView.swift in Sources */,
				7150A8D42A10FA570075718E /* HoneymoonModel.swift in Sources */,
				7150A8E22A10FED50075718E /* HeaderComponent.swift in Sources */,
				7150A8C42A10F8790075718E /* ContentView.swift in Sources */,
				7150A8C22A10F8790075718E /* HoneymoonApp.swift in Sources */,
				7150A8DB2A10FB020075718E /* CardView.swift in Sources */,
				7150A8E42A10FF4E0075718E /* GuideComponent.swift in Sources */,
				7150A8E62A1100A90075718E /* GuideView.swift in Sources */,
			);
			runOnlyForDeploymentPostprocessing = 0;
		};
/* End PBXSourcesBuildPhase section */

/* Begin XCBuildConfiguration section */
		7150A8CA2A10F87A0075718E /* Debug */ = {
			isa = XCBuildConfiguration;
			buildSettings = {
				ALWAYS_SEARCH_USER_PATHS = NO;
				CLANG_ANALYZER_NONNULL = YES;
				CLANG_ANALYZER_NUMBER_OBJECT_CONVERSION = YES_AGGRESSIVE;
				CLANG_CXX_LANGUAGE_STANDARD = "gnu++20";
				CLANG_ENABLE_MODULES = YES;
				CLANG_ENABLE_OBJC_ARC = YES;
				CLANG_ENABLE_OBJC_WEAK = YES;
				CLANG_WARN_BLOCK_CAPTURE_AUTORELEASING = YES;
				CLANG_WARN_BOOL_CONVERSION = YES;
				CLANG_WARN_COMMA = YES;
				CLANG_WARN_CONSTANT_CONVERSION = YES;
				CLANG_WARN_DEPRECATED_OBJC_IMPLEMENTATIONS = YES;
				CLANG_WARN_DIRECT_OBJC_ISA_USAGE = YES_ERROR;
				CLANG_WARN_DOCUMENTATION_COMMENTS = YES;
				CLANG_WARN_EMPTY_BODY = YES;
				CLANG_WARN_ENUM_CONVERSION = YES;
				CLANG_WARN_INFINITE_RECURSION = YES;
				CLANG_WARN_INT_CONVERSION = YES;
				CLANG_WARN_NON_LITERAL_NULL_CONVERSION = YES;
				CLANG_WARN_OBJC_IMPLICIT_RETAIN_SELF = YES;
				CLANG_WARN_OBJC_LITERAL_CONVERSION = YES;
				CLANG_WARN_OBJC_ROOT_CLASS = YES_ERROR;
				CLANG_WARN_QUOTED_INCLUDE_IN_FRAMEWORK_HEADER = YES;
				CLANG_WARN_RANGE_LOOP_ANALYSIS = YES;
				CLANG_WARN_STRICT_PROTOTYPES = YES;
				CLANG_WARN_SUSPICIOUS_MOVE = YES;
				CLANG_WARN_UNGUARDED_AVAILABILITY = YES_AGGRESSIVE;
				CLANG_WARN_UNREACHABLE_CODE = YES;
				CLANG_WARN__DUPLICATE_METHOD_MATCH = YES;
				COPY_PHASE_STRIP = NO;
				DEBUG_INFORMATION_FORMAT = dwarf;
				ENABLE_STRICT_OBJC_MSGSEND = YES;
				ENABLE_TESTABILITY = YES;
				GCC_C_LANGUAGE_STANDARD = gnu11;
				GCC_DYNAMIC_NO_PIC = NO;
				GCC_NO_COMMON_BLOCKS = YES;
				GCC_OPTIMIZATION_LEVEL = 0;
				GCC_PREPROCESSOR_DEFINITIONS = (
					"DEBUG=1",
					"$(inherited)",
				);
				GCC_WARN_64_TO_32_BIT_CONVERSION = YES;
				GCC_WARN_ABOUT_RETURN_TYPE = YES_ERROR;
				GCC_WARN_UNDECLARED_SELECTOR = YES;
				GCC_WARN_UNINITIALIZED_AUTOS = YES_AGGRESSIVE;
				GCC_WARN_UNUSED_FUNCTION = YES;
				GCC_WARN_UNUSED_VARIABLE = YES;
				IPHONEOS_DEPLOYMENT_TARGET = 16.4;
				MTL_ENABLE_DEBUG_INFO = INCLUDE_SOURCE;
				MTL_FAST_MATH = YES;
				ONLY_ACTIVE_ARCH = YES;
				SDKROOT = iphoneos;
				SWIFT_ACTIVE_COMPILATION_CONDITIONS = DEBUG;
				SWIFT_OPTIMIZATION_LEVEL = "-Onone";
			};
			name = Debug;
		};
		7150A8CB2A10F87A0075718E /* Release */ = {
			isa = XCBuildConfiguration;
			buildSettings = {
				ALWAYS_SEARCH_USER_PATHS = NO;
				CLANG_ANALYZER_NONNULL = YES;
				CLANG_ANALYZER_NUMBER_OBJECT_CONVERSION = YES_AGGRESSIVE;
				CLANG_CXX_LANGUAGE_STANDARD = "gnu++20";
				CLANG_ENABLE_MODULES = YES;
				CLANG_ENABLE_OBJC_ARC = YES;
				CLANG_ENABLE_OBJC_WEAK = YES;
				CLANG_WARN_BLOCK_CAPTURE_AUTORELEASING = YES;
				CLANG_WARN_BOOL_CONVERSION = YES;
				CLANG_WARN_COMMA = YES;
				CLANG_WARN_CONSTANT_CONVERSION = YES;
				CLANG_WARN_DEPRECATED_OBJC_IMPLEMENTATIONS = YES;
				CLANG_WARN_DIRECT_OBJC_ISA_USAGE = YES_ERROR;
				CLANG_WARN_DOCUMENTATION_COMMENTS = YES;
				CLANG_WARN_EMPTY_BODY = YES;
				CLANG_WARN_ENUM_CONVERSION = YES;
				CLANG_WARN_INFINITE_RECURSION = YES;
				CLANG_WARN_INT_CONVERSION = YES;
				CLANG_WARN_NON_LITERAL_NULL_CONVERSION = YES;
				CLANG_WARN_OBJC_IMPLICIT_RETAIN_SELF = YES;
				CLANG_WARN_OBJC_LITERAL_CONVERSION = YES;
				CLANG_WARN_OBJC_ROOT_CLASS = YES_ERROR;
				CLANG_WARN_QUOTED_INCLUDE_IN_FRAMEWORK_HEADER = YES;
				CLANG_WARN_RANGE_LOOP_ANALYSIS = YES;
				CLANG_WARN_STRICT_PROTOTYPES = YES;
				CLANG_WARN_SUSPICIOUS_MOVE = YES;
				CLANG_WARN_UNGUARDED_AVAILABILITY = YES_AGGRESSIVE;
				CLANG_WARN_UNREACHABLE_CODE = YES;
				CLANG_WARN__DUPLICATE_METHOD_MATCH = YES;
				COPY_PHASE_STRIP = NO;
				DEBUG_INFORMATION_FORMAT = "dwarf-with-dsym";
				ENABLE_NS_ASSERTIONS = NO;
				ENABLE_STRICT_OBJC_MSGSEND = YES;
				GCC_C_LANGUAGE_STANDARD = gnu11;
				GCC_NO_COMMON_BLOCKS = YES;
				GCC_WARN_64_TO_32_BIT_CONVERSION = YES;
				GCC_WARN_ABOUT_RETURN_TYPE = YES_ERROR;
				GCC_WARN_UNDECLARED_SELECTOR = YES;
				GCC_WARN_UNINITIALIZED_AUTOS = YES_AGGRESSIVE;
				GCC_WARN_UNUSED_FUNCTION = YES;
				GCC_WARN_UNUSED_VARIABLE = YES;
				IPHONEOS_DEPLOYMENT_TARGET = 16.4;
				MTL_ENABLE_DEBUG_INFO = NO;
				MTL_FAST_MATH = YES;
				SDKROOT = iphoneos;
				SWIFT_COMPILATION_MODE = wholemodule;
				SWIFT_OPTIMIZATION_LEVEL = "-O";
				VALIDATE_PRODUCT = YES;
			};
			name = Release;
		};
		7150A8CD2A10F87A0075718E /* Debug */ = {
			isa = XCBuildConfiguration;
			buildSettings = {
				ASSETCATALOG_COMPILER_APPICON_NAME = AppIcon;
				ASSETCATALOG_COMPILER_GLOBAL_ACCENT_COLOR_NAME = AccentColor;
				ASSETCATALOG_COMPILER_INCLUDE_ALL_APPICON_ASSETS = YES;
				CODE_SIGN_STYLE = Automatic;
				CURRENT_PROJECT_VERSION = 1;
				DEVELOPMENT_ASSET_PATHS = "\"Honeymoon/Preview Content\"";
				DEVELOPMENT_TEAM = G29X5XN89V;
				ENABLE_PREVIEWS = YES;
				GENERATE_INFOPLIST_FILE = YES;
				INFOPLIST_KEY_UIApplicationSceneManifest_Generation = YES;
				INFOPLIST_KEY_UIApplicationSupportsIndirectInputEvents = YES;
				INFOPLIST_KEY_UILaunchScreen_Generation = YES;
				INFOPLIST_KEY_UILaunchStoryboardName = "Launch Screen.storyboard";
				INFOPLIST_KEY_UISupportedInterfaceOrientations = UIInterfaceOrientationPortrait;
				INFOPLIST_KEY_UISupportedInterfaceOrientations_iPad = "UIInterfaceOrientationLandscapeLeft UIInterfaceOrientationLandscapeRight UIInterfaceOrientationPortrait UIInterfaceOrientationPortraitUpsideDown";
				LD_RUNPATH_SEARCH_PATHS = (
					"$(inherited)",
					"@executable_path/Frameworks",
				);
				MARKETING_VERSION = 1.0;
				PRODUCT_BUNDLE_IDENTIFIER = com.owol.Honeymoon;
				PRODUCT_NAME = "$(TARGET_NAME)";
				SWIFT_EMIT_LOC_STRINGS = YES;
				SWIFT_VERSION = 5.0;
				TARGETED_DEVICE_FAMILY = "1,2";
			};
			name = Debug;
		};
		7150A8CE2A10F87A0075718E /* Release */ = {
			isa = XCBuildConfiguration;
			buildSettings = {
				ASSETCATALOG_COMPILER_APPICON_NAME = AppIcon;
				ASSETCATALOG_COMPILER_GLOBAL_ACCENT_COLOR_NAME = AccentColor;
				ASSETCATALOG_COMPILER_INCLUDE_ALL_APPICON_ASSETS = YES;
				CODE_SIGN_STYLE = Automatic;
				CURRENT_PROJECT_VERSION = 1;
				DEVELOPMENT_ASSET_PATHS = "\"Honeymoon/Preview Content\"";
				DEVELOPMENT_TEAM = G29X5XN89V;
				ENABLE_PREVIEWS = YES;
				GENERATE_INFOPLIST_FILE = YES;
				INFOPLIST_KEY_UIApplicationSceneManifest_Generation = YES;
				INFOPLIST_KEY_UIApplicationSupportsIndirectInputEvents = YES;
				INFOPLIST_KEY_UILaunchScreen_Generation = YES;
				INFOPLIST_KEY_UILaunchStoryboardName = "Launch Screen.storyboard";
				INFOPLIST_KEY_UISupportedInterfaceOrientations = UIInterfaceOrientationPortrait;
				INFOPLIST_KEY_UISupportedInterfaceOrientations_iPad = "UIInterfaceOrientationLandscapeLeft UIInterfaceOrientationLandscapeRight UIInterfaceOrientationPortrait UIInterfaceOrientationPortraitUpsideDown";
				LD_RUNPATH_SEARCH_PATHS = (
					"$(inherited)",
					"@executable_path/Frameworks",
				);
				MARKETING_VERSION = 1.0;
				PRODUCT_BUNDLE_IDENTIFIER = com.owol.Honeymoon;
				PRODUCT_NAME = "$(TARGET_NAME)";
				SWIFT_EMIT_LOC_STRINGS = YES;
				SWIFT_VERSION = 5.0;
				TARGETED_DEVICE_FAMILY = "1,2";
			};
			name = Release;
		};
/* End XCBuildConfiguration section */

/* Begin XCConfigurationList section */
		7150A8B92A10F8790075718E /* Build configuration list for PBXProject "Honeymoon" */ = {
			isa = XCConfigurationList;
			buildConfigurations = (
				7150A8CA2A10F87A0075718E /* Debug */,
				7150A8CB2A10F87A0075718E /* Release */,
			);
			defaultConfigurationIsVisible = 0;
			defaultConfigurationName = Release;
		};
		7150A8CC2A10F87A0075718E /* Build configuration list for PBXNativeTarget "Honeymoon" */ = {
			isa = XCConfigurationList;
			buildConfigurations = (
				7150A8CD2A10F87A0075718E /* Debug */,
				7150A8CE2A10F87A0075718E /* Release */,
			);
			defaultConfigurationIsVisible = 0;
			defaultConfigurationName = Release;
		};
/* End XCConfigurationList section */
	};
	rootObject = 7150A8B62A10F8790075718E /* Project object */;
}
